
Microsoft Visual Studio Solution File, Format Version 12.00
# Visual Studio Version 16
VisualStudioVersion = 16.0.28922.388
MinimumVisualStudioVersion = 10.0.40219.1
Project("{9A19103F-16F7-4668-BE54-9A1E7A4F7556}") = "HangMan", "HangMan\HangMan.csproj", "{31A7F286-C698-4F2B-8828-A1877C0028F5}"
EndProject
Project("{FAE04EC0-301F-11D3-BF4B-00C04F79EFBC}") = "HangManTest", "HangManTest\HangManTest.csproj", "{395A8B55-31C0-426A-8604-5501C7960E93}"
EndProject
Global
	GlobalSection(SolutionConfigurationPlatforms) = preSolution
		Debug|Any CPU = Debug|Any CPU
		Release|Any CPU = Release|Any CPU
	EndGlobalSection
	GlobalSection(ProjectConfigurationPlatforms) = postSolution
		{31A7F286-C698-4F2B-8828-A1877C0028F5}.Debug|Any CPU.ActiveCfg = Debug|Any CPU
		{31A7F286-C698-4F2B-8828-A1877C0028F5}.Debug|Any CPU.Build.0 = Debug|Any CPU
		{31A7F286-C698-4F2B-8828-A1877C0028F5}.Release|Any CPU.ActiveCfg = Release|Any CPU
		{31A7F286-C698-4F2B-8828-A1877C0028F5}.Release|Any CPU.Build.0 = Release|Any CPU
		{395A8B55-31C0-426A-8604-5501C7960E93}.Debug|Any CPU.ActiveCfg = Debug|Any CPU
		{395A8B55-31C0-426A-8604-5501C7960E93}.Debug|Any CPU.Build.0 = Debug|Any CPU
		{395A8B55-31C0-426A-8604-5501C7960E93}.Release|Any CPU.ActiveCfg = Release|Any CPU
		{395A8B55-31C0-426A-8604-5501C7960E93}.Release|Any CPU.Build.0 = Release|Any CPU
	EndGlobalSection
	GlobalSection(SolutionProperties) = preSolution
		HideSolutionNode = FALSE
	EndGlobalSection
	GlobalSection(ExtensibilityGlobals) = postSolution
		SolutionGuid = {932C6DCD-5ECC-441D-A565-07E32999F1DA}
	EndGlobalSection
EndGlobal
